// !$*UTF8*$!
{
	archiveVersion = 1;
	classes = {
	};
	objectVersion = 50;
	objects = {

/* Begin PBXBuildFile section */
		F2DBE9AF21BF986B0093B0A7 /* AppDelegate.swift in Sources */ = {isa = PBXBuildFile; fileRef = F2DBE9AE21BF986B0093B0A7 /* AppDelegate.swift */; };
		F2DBE9B421BF986B0093B0A7 /* Main.storyboard in Resources */ = {isa = PBXBuildFile; fileRef = F2DBE9B221BF986B0093B0A7 /* Main.storyboard */; };
		F2DBE9B621BF986E0093B0A7 /* Assets.xcassets in Resources */ = {isa = PBXBuildFile; fileRef = F2DBE9B521BF986E0093B0A7 /* Assets.xcassets */; };
		F2DBE9B921BF986E0093B0A7 /* LaunchScreen.storyboard in Resources */ = {isa = PBXBuildFile; fileRef = F2DBE9B721BF986E0093B0A7 /* LaunchScreen.storyboard */; };
		F2DBE9C121BF9F0C0093B0A7 /* FlickrPhotosViewController.swift in Sources */ = {isa = PBXBuildFile; fileRef = F2DBE9C021BF9F0C0093B0A7 /* FlickrPhotosViewController.swift */; };
		F2DBE9C521BFA3530093B0A7 /* FlickrPhoto.swift in Sources */ = {isa = PBXBuildFile; fileRef = F2DBE9C221BFA3520093B0A7 /* FlickrPhoto.swift */; };
		F2DBE9C621BFA3530093B0A7 /* FlickrSearchResults.swift in Sources */ = {isa = PBXBuildFile; fileRef = F2DBE9C321BFA3520093B0A7 /* FlickrSearchResults.swift */; };
		F2DBE9C721BFA3530093B0A7 /* Flickr.swift in Sources */ = {isa = PBXBuildFile; fileRef = F2DBE9C421BFA3520093B0A7 /* Flickr.swift */; };
		F2DBE9C921BFE0F70093B0A7 /* FlickrPhotoCell.swift in Sources */ = {isa = PBXBuildFile; fileRef = F2DBE9C821BFE0F70093B0A7 /* FlickrPhotoCell.swift */; };
/* End PBXBuildFile section */

/* Begin PBXFileReference section */
		F2DBE9AB21BF986B0093B0A7 /* task2.app */ = {isa = PBXFileReference; explicitFileType = wrapper.application; includeInIndex = 0; path = task2.app; sourceTree = BUILT_PRODUCTS_DIR; };
		F2DBE9AE21BF986B0093B0A7 /* AppDelegate.swift */ = {isa = PBXFileReference; lastKnownFileType = sourcecode.swift; path = AppDelegate.swift; sourceTree = "<group>"; };
		F2DBE9B321BF986B0093B0A7 /* Base */ = {isa = PBXFileReference; lastKnownFileType = file.storyboard; name = Base; path = Base.lproj/Main.storyboard; sourceTree = "<group>"; };
		F2DBE9B521BF986E0093B0A7 /* Assets.xcassets */ = {isa = PBXFileReference; lastKnownFileType = folder.assetcatalog; path = Assets.xcassets; sourceTree = "<group>"; };
		F2DBE9B821BF986E0093B0A7 /* Base */ = {isa = PBXFileReference; lastKnownFileType = file.storyboard; name = Base; path = Base.lproj/LaunchScreen.storyboard; sourceTree = "<group>"; };
		F2DBE9BA21BF986E0093B0A7 /* Info.plist */ = {isa = PBXFileReference; lastKnownFileType = text.plist.xml; path = Info.plist; sourceTree = "<group>"; };
		F2DBE9C021BF9F0C0093B0A7 /* FlickrPhotosViewController.swift */ = {isa = PBXFileReference; lastKnownFileType = sourcecode.swift; path = FlickrPhotosViewController.swift; sourceTree = "<group>"; };
		F2DBE9C221BFA3520093B0A7 /* FlickrPhoto.swift */ = {isa = PBXFileReference; fileEncoding = 4; lastKnownFileType = sourcecode.swift; path = FlickrPhoto.swift; sourceTree = SOURCE_ROOT; };
		F2DBE9C321BFA3520093B0A7 /* FlickrSearchResults.swift */ = {isa = PBXFileReference; fileEncoding = 4; lastKnownFileType = sourcecode.swift; path = FlickrSearchResults.swift; sourceTree = SOURCE_ROOT; };
		F2DBE9C421BFA3520093B0A7 /* Flickr.swift */ = {isa = PBXFileReference; fileEncoding = 4; lastKnownFileType = sourcecode.swift; path = Flickr.swift; sourceTree = SOURCE_ROOT; };
		F2DBE9C821BFE0F70093B0A7 /* FlickrPhotoCell.swift */ = {isa = PBXFileReference; lastKnownFileType = sourcecode.swift; path = FlickrPhotoCell.swift; sourceTree = "<group>"; };
/* End PBXFileReference section */

/* Begin PBXFrameworksBuildPhase section */
		F2DBE9A821BF986B0093B0A7 /* Frameworks */ = {
			isa = PBXFrameworksBuildPhase;
			buildActionMask = 2147483647;
			files = (
			);
			runOnlyForDeploymentPostprocessing = 0;
		};
/* End PBXFrameworksBuildPhase section */

/* Begin PBXGroup section */
		F2DBE9A221BF986B0093B0A7 = {
			isa = PBXGroup;
			children = (
				F2DBE9AD21BF986B0093B0A7 /* task2 */,
				F2DBE9AC21BF986B0093B0A7 /* Products */,
			);
			sourceTree = "<group>";
		};
		F2DBE9AC21BF986B0093B0A7 /* Products */ = {
			isa = PBXGroup;
			children = (
				F2DBE9AB21BF986B0093B0A7 /* task2.app */,
			);
			name = Products;
			sourceTree = "<group>";
		};
		F2DBE9AD21BF986B0093B0A7 /* task2 */ = {
			isa = PBXGroup;
			children = (
				F2DBE9AE21BF986B0093B0A7 /* AppDelegate.swift */,
				F2DBE9B221BF986B0093B0A7 /* Main.storyboard */,
				F2DBE9B521BF986E0093B0A7 /* Assets.xcassets */,
				F2DBE9B721BF986E0093B0A7 /* LaunchScreen.storyboard */,
				F2DBE9BA21BF986E0093B0A7 /* Info.plist */,
				F2DBE9C021BF9F0C0093B0A7 /* FlickrPhotosViewController.swift */,
				F2DBE9C421BFA3520093B0A7 /* Flickr.swift */,
				F2DBE9C221BFA3520093B0A7 /* FlickrPhoto.swift */,
				F2DBE9C321BFA3520093B0A7 /* FlickrSearchResults.swift */,
				F2DBE9C821BFE0F70093B0A7 /* FlickrPhotoCell.swift */,
			);
			path = task2;
			sourceTree = "<group>";
		};
/* End PBXGroup section */

/* Begin PBXNativeTarget section */
		F2DBE9AA21BF986B0093B0A7 /* task2 */ = {
			isa = PBXNativeTarget;
			buildConfigurationList = F2DBE9BD21BF986E0093B0A7 /* Build configuration list for PBXNativeTarget "task2" */;
			buildPhases = (
				F2DBE9A721BF986B0093B0A7 /* Sources */,
				F2DBE9A821BF986B0093B0A7 /* Frameworks */,
				F2DBE9A921BF986B0093B0A7 /* Resources */,
			);
			buildRules = (
			);
			dependencies = (
			);
			name = task2;
			productName = task2;
			productReference = F2DBE9AB21BF986B0093B0A7 /* task2.app */;
			productType = "com.apple.product-type.application";
		};
/* End PBXNativeTarget section */

/* Begin PBXProject section */
		F2DBE9A321BF986B0093B0A7 /* Project object */ = {
			isa = PBXProject;
			attributes = {
				LastSwiftUpdateCheck = 1010;
				LastUpgradeCheck = 1010;
				ORGANIZATIONNAME = "Noura Almugarri";
				TargetAttributes = {
					F2DBE9AA21BF986B0093B0A7 = {
						CreatedOnToolsVersion = 10.1;
					};
				};
			};
			buildConfigurationList = F2DBE9A621BF986B0093B0A7 /* Build configuration list for PBXProject "task2" */;
			compatibilityVersion = "Xcode 9.3";
			developmentRegion = en;
			hasScannedForEncodings = 0;
			knownRegions = (
				en,
				Base,
			);
			mainGroup = F2DBE9A221BF986B0093B0A7;
			productRefGroup = F2DBE9AC21BF986B0093B0A7 /* Products */;
			projectDirPath = "";
			projectRoot = "";
			targets = (
				F2DBE9AA21BF986B0093B0A7 /* task2 */,
			);
		};
/* End PBXProject section */

/* Begin PBXResourcesBuildPhase section */
		F2DBE9A921BF986B0093B0A7 /* Resources */ = {
			isa = PBXResourcesBuildPhase;
			buildActionMask = 2147483647;
			files = (
				F2DBE9B921BF986E0093B0A7 /* LaunchScreen.storyboard in Resources */,
				F2DBE9B621BF986E0093B0A7 /* Assets.xcassets in Resources */,
				F2DBE9B421BF986B0093B0A7 /* Main.storyboard in Resources */,
			);
			runOnlyForDeploymentPostprocessing = 0;
		};
/* End PBXResourcesBuildPhase section */

/* Begin PBXSourcesBuildPhase section */
		F2DBE9A721BF986B0093B0A7 /* Sources */ = {
			isa = PBXSourcesBuildPhase;
			buildActionMask = 2147483647;
			files = (
				F2DBE9C121BF9F0C0093B0A7 /* FlickrPhotosViewController.swift in Sources */,
				F2DBE9C521BFA3530093B0A7 /* FlickrPhoto.swift in Sources */,
				F2DBE9C721BFA3530093B0A7 /* Flickr.swift in Sources */,
				F2DBE9AF21BF986B0093B0A7 /* AppDelegate.swift in Sources */,
				F2DBE9C621BFA3530093B0A7 /* FlickrSearchResults.swift in Sources */,
				F2DBE9C921BFE0F70093B0A7 /* FlickrPhotoCell.swift in Sources */,
			);
			runOnlyForDeploymentPostprocessing = 0;
		};
/* End PBXSourcesBuildPhase section */

/* Begin PBXVariantGroup section */
		F2DBE9B221BF986B0093B0A7 /* Main.storyboard */ = {
			isa = PBXVariantGroup;
			children = (
				F2DBE9B321BF986B0093B0A7 /* Base */,
			);
			name = Main.storyboard;
			sourceTree = "<group>";
		};
		F2DBE9B721BF986E0093B0A7 /* LaunchScreen.storyboard */ = {
			isa = PBXVariantGroup;
			children = (
				F2DBE9B821BF986E0093B0A7 /* Base */,
			);
			name = LaunchScreen.storyboard;
			sourceTree = "<group>";
		};
/* End PBXVariantGroup section */

/* Begin XCBuildConfiguration section */
		F2DBE9BB21BF986E0093B0A7 /* Debug */ = {
			isa = XCBuildConfiguration;
			buildSettings = {
				ALWAYS_SEARCH_USER_PATHS = NO;
				CLANG_ANALYZER_NONNULL = YES;
				CLANG_ANALYZER_NUMBER_OBJECT_CONVERSION = YES_AGGRESSIVE;
				CLANG_CXX_LANGUAGE_STANDARD = "gnu++14";
				CLANG_CXX_LIBRARY = "libc++";
				CLANG_ENABLE_MODULES = YES;
				CLANG_ENABLE_OBJC_ARC = YES;
				CLANG_ENABLE_OBJC_WEAK = YES;
				CLANG_WARN_BLOCK_CAPTURE_AUTORELEASING = YES;
				CLANG_WARN_BOOL_CONVERSION = YES;
				CLANG_WARN_COMMA = YES;
				CLANG_WARN_CONSTANT_CONVERSION = YES;
				CLANG_WARN_DEPRECATED_OBJC_IMPLEMENTATIONS = YES;
				CLANG_WARN_DIRECT_OBJC_ISA_USAGE = YES_ERROR;
				CLANG_WARN_DOCUMENTATION_COMMENTS = YES;
				CLANG_WARN_EMPTY_BODY = YES;
				CLANG_WARN_ENUM_CONVERSION = YES;
				CLANG_WARN_INFINITE_RECURSION = YES;
				CLANG_WARN_INT_CONVERSION = YES;
				CLANG_WARN_NON_LITERAL_NULL_CONVERSION = YES;
				CLANG_WARN_OBJC_IMPLICIT_RETAIN_SELF = YES;
				CLANG_WARN_OBJC_LITERAL_CONVERSION = YES;
				CLANG_WARN_OBJC_ROOT_CLASS = YES_ERROR;
				CLANG_WARN_RANGE_LOOP_ANALYSIS = YES;
				CLANG_WARN_STRICT_PROTOTYPES = YES;
				CLANG_WARN_SUSPICIOUS_MOVE = YES;
				CLANG_WARN_UNGUARDED_AVAILABILITY = YES_AGGRESSIVE;
				CLANG_WARN_UNREACHABLE_CODE = YES;
				CLANG_WARN__DUPLICATE_METHOD_MATCH = YES;
				CODE_SIGN_IDENTITY = "iPhone Developer";
				COPY_PHASE_STRIP = NO;
				DEBUG_INFORMATION_FORMAT = dwarf;
				ENABLE_STRICT_OBJC_MSGSEND = YES;
				ENABLE_TESTABILITY = YES;
				GCC_C_LANGUAGE_STANDARD = gnu11;
				GCC_DYNAMIC_NO_PIC = NO;
				GCC_NO_COMMON_BLOCKS = YES;
				GCC_OPTIMIZATION_LEVEL = 0;
				GCC_PREPROCESSOR_DEFINITIONS = (
					"DEBUG=1",
					"$(inherited)",
				);
				GCC_WARN_64_TO_32_BIT_CONVERSION = YES;
				GCC_WARN_ABOUT_RETURN_TYPE = YES_ERROR;
				GCC_WARN_UNDECLARED_SELECTOR = YES;
				GCC_WARN_UNINITIALIZED_AUTOS = YES_AGGRESSIVE;
				GCC_WARN_UNUSED_FUNCTION = YES;
				GCC_WARN_UNUSED_VARIABLE = YES;
				IPHONEOS_DEPLOYMENT_TARGET = 12.1;
				MTL_ENABLE_DEBUG_INFO = INCLUDE_SOURCE;
				MTL_FAST_MATH = YES;
				ONLY_ACTIVE_ARCH = YES;
				SDKROOT = iphoneos;
				SWIFT_ACTIVE_COMPILATION_CONDITIONS = DEBUG;
				SWIFT_OPTIMIZATION_LEVEL = "-Onone";
			};
			name = Debug;
		};
		F2DBE9BC21BF986E0093B0A7 /* Release */ = {
			isa = XCBuildConfiguration;
			buildSettings = {
				ALWAYS_SEARCH_USER_PATHS = NO;
				CLANG_ANALYZER_NONNULL = YES;
				CLANG_ANALYZER_NUMBER_OBJECT_CONVERSION = YES_AGGRESSIVE;
				CLANG_CXX_LANGUAGE_STANDARD = "gnu++14";
				CLANG_CXX_LIBRARY = "libc++";
				CLANG_ENABLE_MODULES = YES;
				CLANG_ENABLE_OBJC_ARC = YES;
				CLANG_ENABLE_OBJC_WEAK = YES;
				CLANG_WARN_BLOCK_CAPTURE_AUTORELEASING = YES;
				CLANG_WARN_BOOL_CONVERSION = YES;
				CLANG_WARN_COMMA = YES;
				CLANG_WARN_CONSTANT_CONVERSION = YES;
				CLANG_WARN_DEPRECATED_OBJC_IMPLEMENTATIONS = YES;
				CLANG_WARN_DIRECT_OBJC_ISA_USAGE = YES_ERROR;
				CLANG_WARN_DOCUMENTATION_COMMENTS = YES;
				CLANG_WARN_EMPTY_BODY = YES;
				CLANG_WARN_ENUM_CONVERSION = YES;
				CLANG_WARN_INFINITE_RECURSION = YES;
				CLANG_WARN_INT_CONVERSION = YES;
				CLANG_WARN_NON_LITERAL_NULL_CONVERSION = YES;
				CLANG_WARN_OBJC_IMPLICIT_RETAIN_SELF = YES;
				CLANG_WARN_OBJC_LITERAL_CONVERSION = YES;
				CLANG_WARN_OBJC_ROOT_CLASS = YES_ERROR;
				CLANG_WARN_RANGE_LOOP_ANALYSIS = YES;
				CLANG_WARN_STRICT_PROTOTYPES = YES;
				CLANG_WARN_SUSPICIOUS_MOVE = YES;
				CLANG_WARN_UNGUARDED_AVAILABILITY = YES_AGGRESSIVE;
				CLANG_WARN_UNREACHABLE_CODE = YES;
				CLANG_WARN__DUPLICATE_METHOD_MATCH = YES;
				CODE_SIGN_IDENTITY = "iPhone Developer";
				COPY_PHASE_STRIP = NO;
				DEBUG_INFORMATION_FORMAT = "dwarf-with-dsym";
				ENABLE_NS_ASSERTIONS = NO;
				ENABLE_STRICT_OBJC_MSGSEND = YES;
				GCC_C_LANGUAGE_STANDARD = gnu11;
				GCC_NO_COMMON_BLOCKS = YES;
				GCC_WARN_64_TO_32_BIT_CONVERSION = YES;
				GCC_WARN_ABOUT_RETURN_TYPE = YES_ERROR;
				GCC_WARN_UNDECLARED_SELECTOR = YES;
				GCC_WARN_UNINITIALIZED_AUTOS = YES_AGGRESSIVE;
				GCC_WARN_UNUSED_FUNCTION = YES;
				GCC_WARN_UNUSED_VARIABLE = YES;
				IPHONEOS_DEPLOYMENT_TARGET = 12.1;
				MTL_ENABLE_DEBUG_INFO = NO;
				MTL_FAST_MATH = YES;
				SDKROOT = iphoneos;
				SWIFT_COMPILATION_MODE = wholemodule;
				SWIFT_OPTIMIZATION_LEVEL = "-O";
				VALIDATE_PRODUCT = YES;
			};
			name = Release;
		};
		F2DBE9BE21BF986E0093B0A7 /* Debug */ = {
			isa = XCBuildConfiguration;
			buildSettings = {
				ASSETCATALOG_COMPILER_APPICON_NAME = AppIcon;
				CODE_SIGN_STYLE = Automatic;
				INFOPLIST_FILE = task2/Info.plist;
				LD_RUNPATH_SEARCH_PATHS = (
					"$(inherited)",
					"@executable_path/Frameworks",
				);
				PRODUCT_BUNDLE_IDENTIFIER = com.nalmugarri.task2;
				PRODUCT_NAME = "$(TARGET_NAME)";
				SWIFT_VERSION = 4.2;
				TARGETED_DEVICE_FAMILY = "1,2";
			};
			name = Debug;
		};
		F2DBE9BF21BF986E0093B0A7 /* Release */ = {
			isa = XCBuildConfiguration;
			buildSettings = {
				ASSETCATALOG_COMPILER_APPICON_NAME = AppIcon;
				CODE_SIGN_STYLE = Automatic;
				INFOPLIST_FILE = task2/Info.plist;
				LD_RUNPATH_SEARCH_PATHS = (
					"$(inherited)",
					"@executable_path/Frameworks",
				);
				PRODUCT_BUNDLE_IDENTIFIER = com.nalmugarri.task2;
				PRODUCT_NAME = "$(TARGET_NAME)";
				SWIFT_VERSION = 4.2;
				TARGETED_DEVICE_FAMILY = "1,2";
			};
			name = Release;
		};
/* End XCBuildConfiguration section */

/* Begin XCConfigurationList section */
		F2DBE9A621BF986B0093B0A7 /* Build configuration list for PBXProject "task2" */ = {
			isa = XCConfigurationList;
			buildConfigurations = (
				F2DBE9BB21BF986E0093B0A7 /* Debug */,
				F2DBE9BC21BF986E0093B0A7 /* Release */,
			);
			defaultConfigurationIsVisible = 0;
			defaultConfigurationName = Release;
		};
		F2DBE9BD21BF986E0093B0A7 /* Build configuration list for PBXNativeTarget "task2" */ = {
			isa = XCConfigurationList;
			buildConfigurations = (
				F2DBE9BE21BF986E0093B0A7 /* Debug */,
				F2DBE9BF21BF986E0093B0A7 /* Release */,
			);
			defaultConfigurationIsVisible = 0;
			defaultConfigurationName = Release;
		};
/* End XCConfigurationList section */
	};
	rootObject = F2DBE9A321BF986B0093B0A7 /* Project object */;
}
